
Microsoft Visual Studio Solution File, Format Version 12.00
# Visual Studio Version 16
VisualStudioVersion = 16.0.30011.22
MinimumVisualStudioVersion = 10.0.40219.1
Project("{FAE04EC0-301F-11D3-BF4B-00C04F79EFBC}") = "CvSharpView", "CvSharpView\CvSharpView.csproj", "{FB3033CB-0ECE-4AA9-9A99-EF19EAB2E25A}"
EndProject
Global
	GlobalSection(SolutionConfigurationPlatforms) = preSolution
		Debug|Any CPU = Debug|Any CPU
		Release|Any CPU = Release|Any CPU
	EndGlobalSection
	GlobalSection(ProjectConfigurationPlatforms) = postSolution
		{FB3033CB-0ECE-4AA9-9A99-EF19EAB2E25A}.Debug|Any CPU.ActiveCfg = Debug|Any CPU
		{FB3033CB-0ECE-4AA9-9A99-EF19EAB2E25A}.Debug|Any CPU.Build.0 = Debug|Any CPU
		{FB3033CB-0ECE-4AA9-9A99-EF19EAB2E25A}.Release|Any CPU.ActiveCfg = Release|Any CPU
		{FB3033CB-0ECE-4AA9-9A99-EF19EAB2E25A}.Release|Any CPU.Build.0 = Release|Any CPU
	EndGlobalSection
	GlobalSection(SolutionProperties) = preSolution
		HideSolutionNode = FALSE
	EndGlobalSection
	GlobalSection(ExtensibilityGlobals) = postSolution
		SolutionGuid = {675C790E-76EE-46C0-BB59-5A4990BF1706}
	EndGlobalSection
EndGlobal
